Microsoft Visual Studio Solution File, Format Version 12.00
# Visual Studio 15
Project("{8BC9CEB8-8B4A-11D0-8D11-00A0C91BC942}") = "ALL_BUILD", "ALL_BUILD.vcxproj", "{C824713E-C179-3F71-8F0F-350335769E76}"
	ProjectSection(ProjectDependencies) = postProject
		{CEBBBD2E-54AC-32AD-8556-3C6FA5E8018E} = {CEBBBD2E-54AC-32AD-8556-3C6FA5E8018E}
		{91D4AC17-A2F2-32B2-A4C3-542B680A2DC7} = {91D4AC17-A2F2-32B2-A4C3-542B680A2DC7}
		{F68EDF80-C4A0-3B69-B08C-DA4CEF67E464} = {F68EDF80-C4A0-3B69-B08C-DA4CEF67E464}
	EndProjectSection
EndProject
Project("{8BC9CEB8-8B4A-11D0-8D11-00A0C91BC942}") = "INSTALL", "INSTALL.vcxproj", "{B6700FD5-6852-3324-A269-B6630CB9B29F}"
	ProjectSection(ProjectDependencies) = postProject
		{C824713E-C179-3F71-8F0F-350335769E76} = {C824713E-C179-3F71-8F0F-350335769E76}
		{CEBBBD2E-54AC-32AD-8556-3C6FA5E8018E} = {CEBBBD2E-54AC-32AD-8556-3C6FA5E8018E}
	EndProjectSection
EndProject
Project("{8BC9CEB8-8B4A-11D0-8D11-00A0C91BC942}") = "ZERO_CHECK", "ZERO_CHECK.vcxproj", "{CEBBBD2E-54AC-32AD-8556-3C6FA5E8018E}"
	ProjectSection(ProjectDependencies) = postProject
	EndProjectSection
EndProject
Project("{8BC9CEB8-8B4A-11D0-8D11-00A0C91BC942}") = "debug_aabb", "src\debug_aabb.vcxproj", "{91D4AC17-A2F2-32B2-A4C3-542B680A2DC7}"
	ProjectSection(ProjectDependencies) = postProject
		{CEBBBD2E-54AC-32AD-8556-3C6FA5E8018E} = {CEBBBD2E-54AC-32AD-8556-3C6FA5E8018E}
	EndProjectSection
EndProject
Project("{8BC9CEB8-8B4A-11D0-8D11-00A0C91BC942}") = "raytrace", "src\raytrace.vcxproj", "{F68EDF80-C4A0-3B69-B08C-DA4CEF67E464}"
	ProjectSection(ProjectDependencies) = postProject
		{CEBBBD2E-54AC-32AD-8556-3C6FA5E8018E} = {CEBBBD2E-54AC-32AD-8556-3C6FA5E8018E}
	EndProjectSection
EndProject
Global
	GlobalSection(SolutionConfigurationPlatforms) = preSolution
		Debug|Win32 = Debug|Win32
		Release|Win32 = Release|Win32
		MinSizeRel|Win32 = MinSizeRel|Win32
		RelWithDebInfo|Win32 = RelWithDebInfo|Win32
	EndGlobalSection
	GlobalSection(ProjectConfigurationPlatforms) = postSolution
		{C824713E-C179-3F71-8F0F-350335769E76}.Debug|Win32.ActiveCfg = Debug|Win32
		{C824713E-C179-3F71-8F0F-350335769E76}.Debug|Win32.Build.0 = Debug|Win32
		{C824713E-C179-3F71-8F0F-350335769E76}.Release|Win32.ActiveCfg = Release|Win32
		{C824713E-C179-3F71-8F0F-350335769E76}.Release|Win32.Build.0 = Release|Win32
		{C824713E-C179-3F71-8F0F-350335769E76}.MinSizeRel|Win32.ActiveCfg = MinSizeRel|Win32
		{C824713E-C179-3F71-8F0F-350335769E76}.MinSizeRel|Win32.Build.0 = MinSizeRel|Win32
		{C824713E-C179-3F71-8F0F-350335769E76}.RelWithDebInfo|Win32.ActiveCfg = RelWithDebInfo|Win32
		{C824713E-C179-3F71-8F0F-350335769E76}.RelWithDebInfo|Win32.Build.0 = RelWithDebInfo|Win32
		{B6700FD5-6852-3324-A269-B6630CB9B29F}.Debug|Win32.ActiveCfg = Debug|Win32
		{B6700FD5-6852-3324-A269-B6630CB9B29F}.Release|Win32.ActiveCfg = Release|Win32
		{B6700FD5-6852-3324-A269-B6630CB9B29F}.MinSizeRel|Win32.ActiveCfg = MinSizeRel|Win32
		{B6700FD5-6852-3324-A269-B6630CB9B29F}.RelWithDebInfo|Win32.ActiveCfg = RelWithDebInfo|Win32
		{CEBBBD2E-54AC-32AD-8556-3C6FA5E8018E}.Debug|Win32.ActiveCfg = Debug|Win32
		{CEBBBD2E-54AC-32AD-8556-3C6FA5E8018E}.Debug|Win32.Build.0 = Debug|Win32
		{CEBBBD2E-54AC-32AD-8556-3C6FA5E8018E}.Release|Win32.ActiveCfg = Release|Win32
		{CEBBBD2E-54AC-32AD-8556-3C6FA5E8018E}.Release|Win32.Build.0 = Release|Win32
		{CEBBBD2E-54AC-32AD-8556-3C6FA5E8018E}.MinSizeRel|Win32.ActiveCfg = MinSizeRel|Win32
		{CEBBBD2E-54AC-32AD-8556-3C6FA5E8018E}.MinSizeRel|Win32.Build.0 = MinSizeRel|Win32
		{CEBBBD2E-54AC-32AD-8556-3C6FA5E8018E}.RelWithDebInfo|Win32.ActiveCfg = RelWithDebInfo|Win32
		{CEBBBD2E-54AC-32AD-8556-3C6FA5E8018E}.RelWithDebInfo|Win32.Build.0 = RelWithDebInfo|Win32
		{91D4AC17-A2F2-32B2-A4C3-542B680A2DC7}.Debug|Win32.ActiveCfg = Debug|Win32
		{91D4AC17-A2F2-32B2-A4C3-542B680A2DC7}.Debug|Win32.Build.0 = Debug|Win32
		{91D4AC17-A2F2-32B2-A4C3-542B680A2DC7}.Release|Win32.ActiveCfg = Release|Win32
		{91D4AC17-A2F2-32B2-A4C3-542B680A2DC7}.Release|Win32.Build.0 = Release|Win32
		{91D4AC17-A2F2-32B2-A4C3-542B680A2DC7}.MinSizeRel|Win32.ActiveCfg = MinSizeRel|Win32
		{91D4AC17-A2F2-32B2-A4C3-542B680A2DC7}.MinSizeRel|Win32.Build.0 = MinSizeRel|Win32
		{91D4AC17-A2F2-32B2-A4C3-542B680A2DC7}.RelWithDebInfo|Win32.ActiveCfg = RelWithDebInfo|Win32
		{91D4AC17-A2F2-32B2-A4C3-542B680A2DC7}.RelWithDebInfo|Win32.Build.0 = RelWithDebInfo|Win32
		{F68EDF80-C4A0-3B69-B08C-DA4CEF67E464}.Debug|Win32.ActiveCfg = Debug|Win32
		{F68EDF80-C4A0-3B69-B08C-DA4CEF67E464}.Debug|Win32.Build.0 = Debug|Win32
		{F68EDF80-C4A0-3B69-B08C-DA4CEF67E464}.Release|Win32.ActiveCfg = Release|Win32
		{F68EDF80-C4A0-3B69-B08C-DA4CEF67E464}.Release|Win32.Build.0 = Release|Win32
		{F68EDF80-C4A0-3B69-B08C-DA4CEF67E464}.MinSizeRel|Win32.ActiveCfg = MinSizeRel|Win32
		{F68EDF80-C4A0-3B69-B08C-DA4CEF67E464}.MinSizeRel|Win32.Build.0 = MinSizeRel|Win32
		{F68EDF80-C4A0-3B69-B08C-DA4CEF67E464}.RelWithDebInfo|Win32.ActiveCfg = RelWithDebInfo|Win32
		{F68EDF80-C4A0-3B69-B08C-DA4CEF67E464}.RelWithDebInfo|Win32.Build.0 = RelWithDebInfo|Win32
	EndGlobalSection
	GlobalSection(ExtensibilityGlobals) = postSolution
		SolutionGuid = {C60353A6-376B-30CC-9226-D7C1EFEF04BD}
	EndGlobalSection
	GlobalSection(ExtensibilityAddIns) = postSolution
	EndGlobalSection
EndGlobal
