<?xml version="1.0" encoding="utf-8"?>
<Project ToolsVersion="15.0" xmlns="http://schemas.microsoft.com/developer/msbuild/2003">
  <ItemGroup>
    <ClCompile Include="E:\Computergrafik\assignment_0\src\debug_aabb.cpp">
      <Filter>Source Files</Filter>
    </ClCompile>
    <ClCompile Include="E:\Computergrafik\assignment_0\src\Cylinder.cpp">
      <Filter>Source Files</Filter>
    </ClCompile>
    <ClCompile Include="E:\Computergrafik\assignment_0\src\Mesh.cpp">
      <Filter>Source Files</Filter>
    </ClCompile>
    <ClCompile Include="E:\Computergrafik\assignment_0\src\Plane.cpp">
      <Filter>Source Files</Filter>
    </ClCompile>
    <ClCompile Include="E:\Computergrafik\assignment_0\src\Scene.cpp">
      <Filter>Source Files</Filter>
    </ClCompile>
    <ClCompile Include="E:\Computergrafik\assignment_0\src\Sphere.cpp">
      <Filter>Source Files</Filter>
    </ClCompile>
    <ClCompile Include="E:\Computergrafik\assignment_0\src\vec3.cpp">
      <Filter>Source Files</Filter>
    </ClCompile>
  </ItemGroup>
  <ItemGroup>
    <ClInclude Include="E:\Computergrafik\assignment_0\src\Camera.h">
      <Filter>Header Files</Filter>
    </ClInclude>
    <ClInclude Include="E:\Computergrafik\assignment_0\src\Cylinder.h">
      <Filter>Header Files</Filter>
    </ClInclude>
    <ClInclude Include="E:\Computergrafik\assignment_0\src\Image.h">
      <Filter>Header Files</Filter>
    </ClInclude>
    <ClInclude Include="E:\Computergrafik\assignment_0\src\Light.h">
      <Filter>Header Files</Filter>
    </ClInclude>
    <ClInclude Include="E:\Computergrafik\assignment_0\src\Material.h">
      <Filter>Header Files</Filter>
    </ClInclude>
    <ClInclude Include="E:\Computergrafik\assignment_0\src\Mesh.h">
      <Filter>Header Files</Filter>
    </ClInclude>
    <ClInclude Include="E:\Computergrafik\assignment_0\src\Object.h">
      <Filter>Header Files</Filter>
    </ClInclude>
    <ClInclude Include="E:\Computergrafik\assignment_0\src\Plane.h">
      <Filter>Header Files</Filter>
    </ClInclude>
    <ClInclude Include="E:\Computergrafik\assignment_0\src\Ray.h">
      <Filter>Header Files</Filter>
    </ClInclude>
    <ClInclude Include="E:\Computergrafik\assignment_0\src\Scene.h">
      <Filter>Header Files</Filter>
    </ClInclude>
    <ClInclude Include="E:\Computergrafik\assignment_0\src\SolveQuadratic.h">
      <Filter>Header Files</Filter>
    </ClInclude>
    <ClInclude Include="E:\Computergrafik\assignment_0\src\Sphere.h">
      <Filter>Header Files</Filter>
    </ClInclude>
    <ClInclude Include="E:\Computergrafik\assignment_0\src\StopWatch.h">
      <Filter>Header Files</Filter>
    </ClInclude>
    <ClInclude Include="E:\Computergrafik\assignment_0\src\vec3.h">
      <Filter>Header Files</Filter>
    </ClInclude>
  </ItemGroup>
  <ItemGroup>
    <CustomBuild Include="E:\Computergrafik\assignment_0\src\CMakeLists.txt" />
  </ItemGroup>
  <ItemGroup>
    <Filter Include="Header Files">
      <UniqueIdentifier>{DDEA77FA-F86E-30BF-8F2E-BD94C8D3E6FF}</UniqueIdentifier>
    </Filter>
    <Filter Include="Source Files">
      <UniqueIdentifier>{4DE93726-F970-3BA7-B09E-8C50720C5F88}</UniqueIdentifier>
    </Filter>
  </ItemGroup>
</Project>
